# THIS IS AN AUTOGENERATED FILE. DO NOT EDIT THIS FILE DIRECTLY.
# yarn lockfile v1


typescript@^3.7.0-dev.20190927:
  version "3.7.0-dev.20190927"
  resolved "https://registry.yarnpkg.com/typescript/-/typescript-3.7.0-dev.20190927.tgz#3570a865556e58ee2261fe4ca78907402ab4e8d9"
  integrity sha512-eLBqjn5gudZZb9MZjN8xU22vS9QUaWMMtfhnn5dcB8DxXutE9yxfNKAgyRXTgz3It+A4BKWpilNVZuZRmZUMOw==
